github.com/goccy/go-yaml v1.19.2 h1:PmFC1S6h8ljIz6gMRBopkjP1TVT7xuwrButHID66PoM=
github.com/goccy/go-yaml v1.19.2/go.mod h1:XBurs7gK8ATbW4ZPGKgcbrY1Br56PdM69F7LkFRi1kA=
github.com/masnyjimmy/gofig v1.2.1 h1:S5LRG48Ly0gf7Nwj4JHkuhg+ZYZxOtTycCugwZ862jg=
github.com/masnyjimmy/gofig v1.2.1/go.mod h1:3aMeYnXE4f7bAnARzTuiTlVTHNTcKHegdTJrUf95vwU=
